// !$*UTF8*$!
{
	archiveVersion = 1;
	classes = {
	};
	objectVersion = 50;
	objects = {

/* Begin PBXBuildFile section */
		887F9CF024777237009114C5 /* AppDelegate.swift in Sources */ = {isa = PBXBuildFile; fileRef = 887F9CEF24777237009114C5 /* AppDelegate.swift */; };
		887F9CF224777237009114C5 /* SceneDelegate.swift in Sources */ = {isa = PBXBuildFile; fileRef = 887F9CF124777237009114C5 /* SceneDelegate.swift */; };
		887F9CF424777237009114C5 /* ViewController.swift in Sources */ = {isa = PBXBuildFile; fileRef = 887F9CF324777237009114C5 /* ViewController.swift */; };
		887F9CF724777237009114C5 /* Main.storyboard in Resources */ = {isa = PBXBuildFile; fileRef = 887F9CF524777237009114C5 /* Main.storyboard */; };
		887F9CF92477723A009114C5 /* Assets.xcassets in Resources */ = {isa = PBXBuildFile; fileRef = 887F9CF82477723A009114C5 /* Assets.xcassets */; };
		887F9CFC2477723A009114C5 /* LaunchScreen.storyboard in Resources */ = {isa = PBXBuildFile; fileRef = 887F9CFA2477723A009114C5 /* LaunchScreen.storyboard */; };
		887F9D072477723A009114C5 /* SZTimerManagerTests.swift in Sources */ = {isa = PBXBuildFile; fileRef = 887F9D062477723A009114C5 /* SZTimerManagerTests.swift */; };
		887F9D122477723A009114C5 /* SZTimerManagerUITests.swift in Sources */ = {isa = PBXBuildFile; fileRef = 887F9D112477723A009114C5 /* SZTimerManagerUITests.swift */; };
		887F9D2124777669009114C5 /* SZTimerManager.swift in Sources */ = {isa = PBXBuildFile; fileRef = 887F9D2024777669009114C5 /* SZTimerManager.swift */; };
		887F9D2324777680009114C5 /* SZTimerTask.swift in Sources */ = {isa = PBXBuildFile; fileRef = 887F9D2224777680009114C5 /* SZTimerTask.swift */; };
/* End PBXBuildFile section */

/* Begin PBXContainerItemProxy section */
		887F9D032477723A009114C5 /* PBXContainerItemProxy */ = {
			isa = PBXContainerItemProxy;
			containerPortal = 887F9CE424777237009114C5 /* Project object */;
			proxyType = 1;
			remoteGlobalIDString = 887F9CEB24777237009114C5;
			remoteInfo = SZTimerManager;
		};
		887F9D0E2477723A009114C5 /* PBXContainerItemProxy */ = {
			isa = PBXContainerItemProxy;
			containerPortal = 887F9CE424777237009114C5 /* Project object */;
			proxyType = 1;
			remoteGlobalIDString = 887F9CEB24777237009114C5;
			remoteInfo = SZTimerManager;
		};
/* End PBXContainerItemProxy section */

/* Begin PBXFileReference section */
		887F9CEC24777237009114C5 /* SZTimerManager.app */ = {isa = PBXFileReference; explicitFileType = wrapper.application; includeInIndex = 0; path = SZTimerManager.app; sourceTree = BUILT_PRODUCTS_DIR; };
		887F9CEF24777237009114C5 /* AppDelegate.swift */ = {isa = PBXFileReference; lastKnownFileType = sourcecode.swift; path = AppDelegate.swift; sourceTree = "<group>"; };
		887F9CF124777237009114C5 /* SceneDelegate.swift */ = {isa = PBXFileReference; lastKnownFileType = sourcecode.swift; path = SceneDelegate.swift; sourceTree = "<group>"; };
		887F9CF324777237009114C5 /* ViewController.swift */ = {isa = PBXFileReference; lastKnownFileType = sourcecode.swift; path = ViewController.swift; sourceTree = "<group>"; };
		887F9CF624777237009114C5 /* Base */ = {isa = PBXFileReference; lastKnownFileType = file.storyboard; name = Base; path = Base.lproj/Main.storyboard; sourceTree = "<group>"; };
		887F9CF82477723A009114C5 /* Assets.xcassets */ = {isa = PBXFileReference; lastKnownFileType = folder.assetcatalog; path = Assets.xcassets; sourceTree = "<group>"; };
		887F9CFB2477723A009114C5 /* Base */ = {isa = PBXFileReference; lastKnownFileType = file.storyboard; name = Base; path = Base.lproj/LaunchScreen.storyboard; sourceTree = "<group>"; };
		887F9CFD2477723A009114C5 /* Info.plist */ = {isa = PBXFileReference; lastKnownFileType = text.plist.xml; path = Info.plist; sourceTree = "<group>"; };
		887F9D022477723A009114C5 /* SZTimerManagerTests.xctest */ = {isa = PBXFileReference; explicitFileType = wrapper.cfbundle; includeInIndex = 0; path = SZTimerManagerTests.xctest; sourceTree = BUILT_PRODUCTS_DIR; };
		887F9D062477723A009114C5 /* SZTimerManagerTests.swift */ = {isa = PBXFileReference; lastKnownFileType = sourcecode.swift; path = SZTimerManagerTests.swift; sourceTree = "<group>"; };
		887F9D082477723A009114C5 /* Info.plist */ = {isa = PBXFileReference; lastKnownFileType = text.plist.xml; path = Info.plist; sourceTree = "<group>"; };
		887F9D0D2477723A009114C5 /* SZTimerManagerUITests.xctest */ = {isa = PBXFileReference; explicitFileType = wrapper.cfbundle; includeInIndex = 0; path = SZTimerManagerUITests.xctest; sourceTree = BUILT_PRODUCTS_DIR; };
		887F9D112477723A009114C5 /* SZTimerManagerUITests.swift */ = {isa = PBXFileReference; lastKnownFileType = sourcecode.swift; path = SZTimerManagerUITests.swift; sourceTree = "<group>"; };
		887F9D132477723A009114C5 /* Info.plist */ = {isa = PBXFileReference; lastKnownFileType = text.plist.xml; path = Info.plist; sourceTree = "<group>"; };
		887F9D2024777669009114C5 /* SZTimerManager.swift */ = {isa = PBXFileReference; lastKnownFileType = sourcecode.swift; path = SZTimerManager.swift; sourceTree = "<group>"; };
		887F9D2224777680009114C5 /* SZTimerTask.swift */ = {isa = PBXFileReference; lastKnownFileType = sourcecode.swift; path = SZTimerTask.swift; sourceTree = "<group>"; };
/* End PBXFileReference section */

/* Begin PBXFrameworksBuildPhase section */
		887F9CE924777237009114C5 /* Frameworks */ = {
			isa = PBXFrameworksBuildPhase;
			buildActionMask = 2147483647;
			files = (
			);
			runOnlyForDeploymentPostprocessing = 0;
		};
		887F9CFF2477723A009114C5 /* Frameworks */ = {
			isa = PBXFrameworksBuildPhase;
			buildActionMask = 2147483647;
			files = (
			);
			runOnlyForDeploymentPostprocessing = 0;
		};
		887F9D0A2477723A009114C5 /* Frameworks */ = {
			isa = PBXFrameworksBuildPhase;
			buildActionMask = 2147483647;
			files = (
			);
			runOnlyForDeploymentPostprocessing = 0;
		};
/* End PBXFrameworksBuildPhase section */

/* Begin PBXGroup section */
		887F9CE324777237009114C5 = {
			isa = PBXGroup;
			children = (
				887F9CEE24777237009114C5 /* SZTimerManager */,
				887F9D052477723A009114C5 /* SZTimerManagerTests */,
				887F9D102477723A009114C5 /* SZTimerManagerUITests */,
				887F9CED24777237009114C5 /* Products */,
			);
			sourceTree = "<group>";
		};
		887F9CED24777237009114C5 /* Products */ = {
			isa = PBXGroup;
			children = (
				887F9CEC24777237009114C5 /* SZTimerManager.app */,
				887F9D022477723A009114C5 /* SZTimerManagerTests.xctest */,
				887F9D0D2477723A009114C5 /* SZTimerManagerUITests.xctest */,
			);
			name = Products;
			sourceTree = "<group>";
		};
		887F9CEE24777237009114C5 /* SZTimerManager */ = {
			isa = PBXGroup;
			children = (
				887F9D1F24777630009114C5 /* SZTimerManager */,
				887F9CEF24777237009114C5 /* AppDelegate.swift */,
				887F9CF124777237009114C5 /* SceneDelegate.swift */,
				887F9CF324777237009114C5 /* ViewController.swift */,
				887F9CF524777237009114C5 /* Main.storyboard */,
				887F9CF82477723A009114C5 /* Assets.xcassets */,
				887F9CFA2477723A009114C5 /* LaunchScreen.storyboard */,
				887F9CFD2477723A009114C5 /* Info.plist */,
			);
			path = SZTimerManager;
			sourceTree = "<group>";
		};
		887F9D052477723A009114C5 /* SZTimerManagerTests */ = {
			isa = PBXGroup;
			children = (
				887F9D062477723A009114C5 /* SZTimerManagerTests.swift */,
				887F9D082477723A009114C5 /* Info.plist */,
			);
			path = SZTimerManagerTests;
			sourceTree = "<group>";
		};
		887F9D102477723A009114C5 /* SZTimerManagerUITests */ = {
			isa = PBXGroup;
			children = (
				887F9D112477723A009114C5 /* SZTimerManagerUITests.swift */,
				887F9D132477723A009114C5 /* Info.plist */,
			);
			path = SZTimerManagerUITests;
			sourceTree = "<group>";
		};
		887F9D1F24777630009114C5 /* SZTimerManager */ = {
			isa = PBXGroup;
			children = (
				887F9D2024777669009114C5 /* SZTimerManager.swift */,
				887F9D2224777680009114C5 /* SZTimerTask.swift */,
			);
			path = SZTimerManager;
			sourceTree = "<group>";
		};
/* End PBXGroup section */

/* Begin PBXNativeTarget section */
		887F9CEB24777237009114C5 /* SZTimerManager */ = {
			isa = PBXNativeTarget;
			buildConfigurationList = 887F9D162477723A009114C5 /* Build configuration list for PBXNativeTarget "SZTimerManager" */;
			buildPhases = (
				887F9CE824777237009114C5 /* Sources */,
				887F9CE924777237009114C5 /* Frameworks */,
				887F9CEA24777237009114C5 /* Resources */,
			);
			buildRules = (
			);
			dependencies = (
			);
			name = SZTimerManager;
			productName = SZTimerManager;
			productReference = 887F9CEC24777237009114C5 /* SZTimerManager.app */;
			productType = "com.apple.product-type.application";
		};
		887F9D012477723A009114C5 /* SZTimerManagerTests */ = {
			isa = PBXNativeTarget;
			buildConfigurationList = 887F9D192477723A009114C5 /* Build configuration list for PBXNativeTarget "SZTimerManagerTests" */;
			buildPhases = (
				887F9CFE2477723A009114C5 /* Sources */,
				887F9CFF2477723A009114C5 /* Frameworks */,
				887F9D002477723A009114C5 /* Resources */,
			);
			buildRules = (
			);
			dependencies = (
				887F9D042477723A009114C5 /* PBXTargetDependency */,
			);
			name = SZTimerManagerTests;
			productName = SZTimerManagerTests;
			productReference = 887F9D022477723A009114C5 /* SZTimerManagerTests.xctest */;
			productType = "com.apple.product-type.bundle.unit-test";
		};
		887F9D0C2477723A009114C5 /* SZTimerManagerUITests */ = {
			isa = PBXNativeTarget;
			buildConfigurationList = 887F9D1C2477723A009114C5 /* Build configuration list for PBXNativeTarget "SZTimerManagerUITests" */;
			buildPhases = (
				887F9D092477723A009114C5 /* Sources */,
				887F9D0A2477723A009114C5 /* Frameworks */,
				887F9D0B2477723A009114C5 /* Resources */,
			);
			buildRules = (
			);
			dependencies = (
				887F9D0F2477723A009114C5 /* PBXTargetDependency */,
			);
			name = SZTimerManagerUITests;
			productName = SZTimerManagerUITests;
			productReference = 887F9D0D2477723A009114C5 /* SZTimerManagerUITests.xctest */;
			productType = "com.apple.product-type.bundle.ui-testing";
		};
/* End PBXNativeTarget section */

/* Begin PBXProject section */
		887F9CE424777237009114C5 /* Project object */ = {
			isa = PBXProject;
			attributes = {
				LastSwiftUpdateCheck = 1120;
				LastUpgradeCheck = 1120;
				ORGANIZATIONNAME = HSZ;
				TargetAttributes = {
					887F9CEB24777237009114C5 = {
						CreatedOnToolsVersion = 11.2.1;
					};
					887F9D012477723A009114C5 = {
						CreatedOnToolsVersion = 11.2.1;
						TestTargetID = 887F9CEB24777237009114C5;
					};
					887F9D0C2477723A009114C5 = {
						CreatedOnToolsVersion = 11.2.1;
						TestTargetID = 887F9CEB24777237009114C5;
					};
				};
			};
			buildConfigurationList = 887F9CE724777237009114C5 /* Build configuration list for PBXProject "SZTimerManager" */;
			compatibilityVersion = "Xcode 9.3";
			developmentRegion = en;
			hasScannedForEncodings = 0;
			knownRegions = (
				en,
				Base,
			);
			mainGroup = 887F9CE324777237009114C5;
			productRefGroup = 887F9CED24777237009114C5 /* Products */;
			projectDirPath = "";
			projectRoot = "";
			targets = (
				887F9CEB24777237009114C5 /* SZTimerManager */,
				887F9D012477723A009114C5 /* SZTimerManagerTests */,
				887F9D0C2477723A009114C5 /* SZTimerManagerUITests */,
			);
		};
/* End PBXProject section */

/* Begin PBXResourcesBuildPhase section */
		887F9CEA24777237009114C5 /* Resources */ = {
			isa = PBXResourcesBuildPhase;
			buildActionMask = 2147483647;
			files = (
				887F9CFC2477723A009114C5 /* LaunchScreen.storyboard in Resources */,
				887F9CF92477723A009114C5 /* Assets.xcassets in Resources */,
				887F9CF724777237009114C5 /* Main.storyboard in Resources */,
			);
			runOnlyForDeploymentPostprocessing = 0;
		};
		887F9D002477723A009114C5 /* Resources */ = {
			isa = PBXResourcesBuildPhase;
			buildActionMask = 2147483647;
			files = (
			);
			runOnlyForDeploymentPostprocessing = 0;
		};
		887F9D0B2477723A009114C5 /* Resources */ = {
			isa = PBXResourcesBuildPhase;
			buildActionMask = 2147483647;
			files = (
			);
			runOnlyForDeploymentPostprocessing = 0;
		};
/* End PBXResourcesBuildPhase section */

/* Begin PBXSourcesBuildPhase section */
		887F9CE824777237009114C5 /* Sources */ = {
			isa = PBXSourcesBuildPhase;
			buildActionMask = 2147483647;
			files = (
				887F9D2124777669009114C5 /* SZTimerManager.swift in Sources */,
				887F9CF424777237009114C5 /* ViewController.swift in Sources */,
				887F9D2324777680009114C5 /* SZTimerTask.swift in Sources */,
				887F9CF024777237009114C5 /* AppDelegate.swift in Sources */,
				887F9CF224777237009114C5 /* SceneDelegate.swift in Sources */,
			);
			runOnlyForDeploymentPostprocessing = 0;
		};
		887F9CFE2477723A009114C5 /* Sources */ = {
			isa = PBXSourcesBuildPhase;
			buildActionMask = 2147483647;
			files = (
				887F9D072477723A009114C5 /* SZTimerManagerTests.swift in Sources */,
			);
			runOnlyForDeploymentPostprocessing = 0;
		};
		887F9D092477723A009114C5 /* Sources */ = {
			isa = PBXSourcesBuildPhase;
			buildActionMask = 2147483647;
			files = (
				887F9D122477723A009114C5 /* SZTimerManagerUITests.swift in Sources */,
			);
			runOnlyForDeploymentPostprocessing = 0;
		};
/* End PBXSourcesBuildPhase section */

/* Begin PBXTargetDependency section */
		887F9D042477723A009114C5 /* PBXTargetDependency */ = {
			isa = PBXTargetDependency;
			target = 887F9CEB24777237009114C5 /* SZTimerManager */;
			targetProxy = 887F9D032477723A009114C5 /* PBXContainerItemProxy */;
		};
		887F9D0F2477723A009114C5 /* PBXTargetDependency */ = {
			isa = PBXTargetDependency;
			target = 887F9CEB24777237009114C5 /* SZTimerManager */;
			targetProxy = 887F9D0E2477723A009114C5 /* PBXContainerItemProxy */;
		};
/* End PBXTargetDependency section */

/* Begin PBXVariantGroup section */
		887F9CF524777237009114C5 /* Main.storyboard */ = {
			isa = PBXVariantGroup;
			children = (
				887F9CF624777237009114C5 /* Base */,
			);
			name = Main.storyboard;
			sourceTree = "<group>";
		};
		887F9CFA2477723A009114C5 /* LaunchScreen.storyboard */ = {
			isa = PBXVariantGroup;
			children = (
				887F9CFB2477723A009114C5 /* Base */,
			);
			name = LaunchScreen.storyboard;
			sourceTree = "<group>";
		};
/* End PBXVariantGroup section */

/* Begin XCBuildConfiguration section */
		887F9D142477723A009114C5 /* Debug */ = {
			isa = XCBuildConfiguration;
			buildSettings = {
				ALWAYS_SEARCH_USER_PATHS = NO;
				CLANG_ANALYZER_NONNULL = YES;
				CLANG_ANALYZER_NUMBER_OBJECT_CONVERSION = YES_AGGRESSIVE;
				CLANG_CXX_LANGUAGE_STANDARD = "gnu++14";
				CLANG_CXX_LIBRARY = "libc++";
				CLANG_ENABLE_MODULES = YES;
				CLANG_ENABLE_OBJC_ARC = YES;
				CLANG_ENABLE_OBJC_WEAK = YES;
				CLANG_WARN_BLOCK_CAPTURE_AUTORELEASING = YES;
				CLANG_WARN_BOOL_CONVERSION = YES;
				CLANG_WARN_COMMA = YES;
				CLANG_WARN_CONSTANT_CONVERSION = YES;
				CLANG_WARN_DEPRECATED_OBJC_IMPLEMENTATIONS = YES;
				CLANG_WARN_DIRECT_OBJC_ISA_USAGE = YES_ERROR;
				CLANG_WARN_DOCUMENTATION_COMMENTS = YES;
				CLANG_WARN_EMPTY_BODY = YES;
				CLANG_WARN_ENUM_CONVERSION = YES;
				CLANG_WARN_INFINITE_RECURSION = YES;
				CLANG_WARN_INT_CONVERSION = YES;
				CLANG_WARN_NON_LITERAL_NULL_CONVERSION = YES;
				CLANG_WARN_OBJC_IMPLICIT_RETAIN_SELF = YES;
				CLANG_WARN_OBJC_LITERAL_CONVERSION = YES;
				CLANG_WARN_OBJC_ROOT_CLASS = YES_ERROR;
				CLANG_WARN_RANGE_LOOP_ANALYSIS = YES;
				CLANG_WARN_STRICT_PROTOTYPES = YES;
				CLANG_WARN_SUSPICIOUS_MOVE = YES;
				CLANG_WARN_UNGUARDED_AVAILABILITY = YES_AGGRESSIVE;
				CLANG_WARN_UNREACHABLE_CODE = YES;
				CLANG_WARN__DUPLICATE_METHOD_MATCH = YES;
				COPY_PHASE_STRIP = NO;
				DEBUG_INFORMATION_FORMAT = dwarf;
				ENABLE_STRICT_OBJC_MSGSEND = YES;
				ENABLE_TESTABILITY = YES;
				GCC_C_LANGUAGE_STANDARD = gnu11;
				GCC_DYNAMIC_NO_PIC = NO;
				GCC_NO_COMMON_BLOCKS = YES;
				GCC_OPTIMIZATION_LEVEL = 0;
				GCC_PREPROCESSOR_DEFINITIONS = (
					"DEBUG=1",
					"$(inherited)",
				);
				GCC_WARN_64_TO_32_BIT_CONVERSION = YES;
				GCC_WARN_ABOUT_RETURN_TYPE = YES_ERROR;
				GCC_WARN_UNDECLARED_SELECTOR = YES;
				GCC_WARN_UNINITIALIZED_AUTOS = YES_AGGRESSIVE;
				GCC_WARN_UNUSED_FUNCTION = YES;
				GCC_WARN_UNUSED_VARIABLE = YES;
				IPHONEOS_DEPLOYMENT_TARGET = 13.2;
				MTL_ENABLE_DEBUG_INFO = INCLUDE_SOURCE;
				MTL_FAST_MATH = YES;
				ONLY_ACTIVE_ARCH = YES;
				SDKROOT = iphoneos;
				SWIFT_ACTIVE_COMPILATION_CONDITIONS = DEBUG;
				SWIFT_OPTIMIZATION_LEVEL = "-Onone";
			};
			name = Debug;
		};
		887F9D152477723A009114C5 /* Release */ = {
			isa = XCBuildConfiguration;
			buildSettings = {
				ALWAYS_SEARCH_USER_PATHS = NO;
				CLANG_ANALYZER_NONNULL = YES;
				CLANG_ANALYZER_NUMBER_OBJECT_CONVERSION = YES_AGGRESSIVE;
				CLANG_CXX_LANGUAGE_STANDARD = "gnu++14";
				CLANG_CXX_LIBRARY = "libc++";
				CLANG_ENABLE_MODULES = YES;
				CLANG_ENABLE_OBJC_ARC = YES;
				CLANG_ENABLE_OBJC_WEAK = YES;
				CLANG_WARN_BLOCK_CAPTURE_AUTORELEASING = YES;
				CLANG_WARN_BOOL_CONVERSION = YES;
				CLANG_WARN_COMMA = YES;
				CLANG_WARN_CONSTANT_CONVERSION = YES;
				CLANG_WARN_DEPRECATED_OBJC_IMPLEMENTATIONS = YES;
				CLANG_WARN_DIRECT_OBJC_ISA_USAGE = YES_ERROR;
				CLANG_WARN_DOCUMENTATION_COMMENTS = YES;
				CLANG_WARN_EMPTY_BODY = YES;
				CLANG_WARN_ENUM_CONVERSION = YES;
				CLANG_WARN_INFINITE_RECURSION = YES;
				CLANG_WARN_INT_CONVERSION = YES;
				CLANG_WARN_NON_LITERAL_NULL_CONVERSION = YES;
				CLANG_WARN_OBJC_IMPLICIT_RETAIN_SELF = YES;
				CLANG_WARN_OBJC_LITERAL_CONVERSION = YES;
				CLANG_WARN_OBJC_ROOT_CLASS = YES_ERROR;
				CLANG_WARN_RANGE_LOOP_ANALYSIS = YES;
				CLANG_WARN_STRICT_PROTOTYPES = YES;
				CLANG_WARN_SUSPICIOUS_MOVE = YES;
				CLANG_WARN_UNGUARDED_AVAILABILITY = YES_AGGRESSIVE;
				CLANG_WARN_UNREACHABLE_CODE = YES;
				CLANG_WARN__DUPLICATE_METHOD_MATCH = YES;
				COPY_PHASE_STRIP = NO;
				DEBUG_INFORMATION_FORMAT = "dwarf-with-dsym";
				ENABLE_NS_ASSERTIONS = NO;
				ENABLE_STRICT_OBJC_MSGSEND = YES;
				GCC_C_LANGUAGE_STANDARD = gnu11;
				GCC_NO_COMMON_BLOCKS = YES;
				GCC_WARN_64_TO_32_BIT_CONVERSION = YES;
				GCC_WARN_ABOUT_RETURN_TYPE = YES_ERROR;
				GCC_WARN_UNDECLARED_SELECTOR = YES;
				GCC_WARN_UNINITIALIZED_AUTOS = YES_AGGRESSIVE;
				GCC_WARN_UNUSED_FUNCTION = YES;
				GCC_WARN_UNUSED_VARIABLE = YES;
				IPHONEOS_DEPLOYMENT_TARGET = 13.2;
				MTL_ENABLE_DEBUG_INFO = NO;
				MTL_FAST_MATH = YES;
				SDKROOT = iphoneos;
				SWIFT_COMPILATION_MODE = wholemodule;
				SWIFT_OPTIMIZATION_LEVEL = "-O";
				VALIDATE_PRODUCT = YES;
			};
			name = Release;
		};
		887F9D172477723A009114C5 /* Debug */ = {
			isa = XCBuildConfiguration;
			buildSettings = {
				ASSETCATALOG_COMPILER_APPICON_NAME = AppIcon;
				CODE_SIGN_STYLE = Automatic;
				DEVELOPMENT_TEAM = X62QS6YH49;
				INFOPLIST_FILE = SZTimerManager/Info.plist;
				LD_RUNPATH_SEARCH_PATHS = (
					"$(inherited)",
					"@executable_path/Frameworks",
				);
				PRODUCT_BUNDLE_IDENTIFIER = HSZ.SZTimerManager;
				PRODUCT_NAME = "$(TARGET_NAME)";
				SWIFT_VERSION = 5.0;
				TARGETED_DEVICE_FAMILY = "1,2";
			};
			name = Debug;
		};
		887F9D182477723A009114C5 /* Release */ = {
			isa = XCBuildConfiguration;
			buildSettings = {
				ASSETCATALOG_COMPILER_APPICON_NAME = AppIcon;
				CODE_SIGN_STYLE = Automatic;
				DEVELOPMENT_TEAM = X62QS6YH49;
				INFOPLIST_FILE = SZTimerManager/Info.plist;
				LD_RUNPATH_SEARCH_PATHS = (
					"$(inherited)",
					"@executable_path/Frameworks",
				);
				PRODUCT_BUNDLE_IDENTIFIER = HSZ.SZTimerManager;
				PRODUCT_NAME = "$(TARGET_NAME)";
				SWIFT_VERSION = 5.0;
				TARGETED_DEVICE_FAMILY = "1,2";
			};
			name = Release;
		};
		887F9D1A2477723A009114C5 /* Debug */ = {
			isa = XCBuildConfiguration;
			buildSettings = {
				ALWAYS_EMBED_SWIFT_STANDARD_LIBRARIES = YES;
				BUNDLE_LOADER = "$(TEST_HOST)";
				CODE_SIGN_STYLE = Automatic;
				DEVELOPMENT_TEAM = X62QS6YH49;
				INFOPLIST_FILE = SZTimerManagerTests/Info.plist;
				IPHONEOS_DEPLOYMENT_TARGET = 13.2;
				LD_RUNPATH_SEARCH_PATHS = (
					"$(inherited)",
					"@executable_path/Frameworks",
					"@loader_path/Frameworks",
				);
				PRODUCT_BUNDLE_IDENTIFIER = HSZ.SZTimerManagerTests;
				PRODUCT_NAME = "$(TARGET_NAME)";
				SWIFT_VERSION = 5.0;
				TARGETED_DEVICE_FAMILY = "1,2";
				TEST_HOST = "$(BUILT_PRODUCTS_DIR)/SZTimerManager.app/SZTimerManager";
			};
			name = Debug;
		};
		887F9D1B2477723A009114C5 /* Release */ = {
			isa = XCBuildConfiguration;
			buildSettings = {
				ALWAYS_EMBED_SWIFT_STANDARD_LIBRARIES = YES;
				BUNDLE_LOADER = "$(TEST_HOST)";
				CODE_SIGN_STYLE = Automatic;
				DEVELOPMENT_TEAM = X62QS6YH49;
				INFOPLIST_FILE = SZTimerManagerTests/Info.plist;
				IPHONEOS_DEPLOYMENT_TARGET = 13.2;
				LD_RUNPATH_SEARCH_PATHS = (
					"$(inherited)",
					"@executable_path/Frameworks",
					"@loader_path/Frameworks",
				);
				PRODUCT_BUNDLE_IDENTIFIER = HSZ.SZTimerManagerTests;
				PRODUCT_NAME = "$(TARGET_NAME)";
				SWIFT_VERSION = 5.0;
				TARGETED_DEVICE_FAMILY = "1,2";
				TEST_HOST = "$(BUILT_PRODUCTS_DIR)/SZTimerManager.app/SZTimerManager";
			};
			name = Release;
		};
		887F9D1D2477723A009114C5 /* Debug */ = {
			isa = XCBuildConfiguration;
			buildSettings = {
				ALWAYS_EMBED_SWIFT_STANDARD_LIBRARIES = YES;
				CODE_SIGN_STYLE = Automatic;
				DEVELOPMENT_TEAM = X62QS6YH49;
				INFOPLIST_FILE = SZTimerManagerUITests/Info.plist;
				LD_RUNPATH_SEARCH_PATHS = (
					"$(inherited)",
					"@executable_path/Frameworks",
					"@loader_path/Frameworks",
				);
				PRODUCT_BUNDLE_IDENTIFIER = HSZ.SZTimerManagerUITests;
				PRODUCT_NAME = "$(TARGET_NAME)";
				SWIFT_VERSION = 5.0;
				TARGETED_DEVICE_FAMILY = "1,2";
				TEST_TARGET_NAME = SZTimerManager;
			};
			name = Debug;
		};
		887F9D1E2477723A009114C5 /* Release */ = {
			isa = XCBuildConfiguration;
			buildSettings = {
				ALWAYS_EMBED_SWIFT_STANDARD_LIBRARIES = YES;
				CODE_SIGN_STYLE = Automatic;
				DEVELOPMENT_TEAM = X62QS6YH49;
				INFOPLIST_FILE = SZTimerManagerUITests/Info.plist;
				LD_RUNPATH_SEARCH_PATHS = (
					"$(inherited)",
					"@executable_path/Frameworks",
					"@loader_path/Frameworks",
				);
				PRODUCT_BUNDLE_IDENTIFIER = HSZ.SZTimerManagerUITests;
				PRODUCT_NAME = "$(TARGET_NAME)";
				SWIFT_VERSION = 5.0;
				TARGETED_DEVICE_FAMILY = "1,2";
				TEST_TARGET_NAME = SZTimerManager;
			};
			name = Release;
		};
/* End XCBuildConfiguration section */

/* Begin XCConfigurationList section */
		887F9CE724777237009114C5 /* Build configuration list for PBXProject "SZTimerManager" */ = {
			isa = XCConfigurationList;
			buildConfigurations = (
				887F9D142477723A009114C5 /* Debug */,
				887F9D152477723A009114C5 /* Release */,
			);
			defaultConfigurationIsVisible = 0;
			defaultConfigurationName = Release;
		};
		887F9D162477723A009114C5 /* Build configuration list for PBXNativeTarget "SZTimerManager" */ = {
			isa = XCConfigurationList;
			buildConfigurations = (
				887F9D172477723A009114C5 /* Debug */,
				887F9D182477723A009114C5 /* Release */,
			);
			defaultConfigurationIsVisible = 0;
			defaultConfigurationName = Release;
		};
		887F9D192477723A009114C5 /* Build configuration list for PBXNativeTarget "SZTimerManagerTests" */ = {
			isa = XCConfigurationList;
			buildConfigurations = (
				887F9D1A2477723A009114C5 /* Debug */,
				887F9D1B2477723A009114C5 /* Release */,
			);
			defaultConfigurationIsVisible = 0;
			defaultConfigurationName = Release;
		};
		887F9D1C2477723A009114C5 /* Build configuration list for PBXNativeTarget "SZTimerManagerUITests" */ = {
			isa = XCConfigurationList;
			buildConfigurations = (
				887F9D1D2477723A009114C5 /* Debug */,
				887F9D1E2477723A009114C5 /* Release */,
			);
			defaultConfigurationIsVisible = 0;
			defaultConfigurationName = Release;
		};
/* End XCConfigurationList section */
	};
	rootObject = 887F9CE424777237009114C5 /* Project object */;
}
